// !$*UTF8*$!
{
	archiveVersion = 1;
	classes = {
	};
	objectVersion = 51;
	objects = {

/* Begin PBXBuildFile section */
		9609305A240B05A200B0AB68 /* TutorialAppearance.swift in Sources */ = {isa = PBXBuildFile; fileRef = 96093055240B05A200B0AB68 /* TutorialAppearance.swift */; };
		9609305B240B05A200B0AB68 /* TutorialViewController.swift in Sources */ = {isa = PBXBuildFile; fileRef = 96093056240B05A200B0AB68 /* TutorialViewController.swift */; };
		9609305C240B05A200B0AB68 /* TutorialModel.swift in Sources */ = {isa = PBXBuildFile; fileRef = 96093057240B05A200B0AB68 /* TutorialModel.swift */; };
		9609305D240B05A200B0AB68 /* TutorialView.swift in Sources */ = {isa = PBXBuildFile; fileRef = 96093058240B05A200B0AB68 /* TutorialView.swift */; };
		9609305E240B05A200B0AB68 /* SampleViewController.swift in Sources */ = {isa = PBXBuildFile; fileRef = 96093059240B05A200B0AB68 /* SampleViewController.swift */; };
		962A0949240AFD0E006845EF /* AppDelegate.swift in Sources */ = {isa = PBXBuildFile; fileRef = 962A0948240AFD0E006845EF /* AppDelegate.swift */; };
		962A094B240AFD0E006845EF /* SceneDelegate.swift in Sources */ = {isa = PBXBuildFile; fileRef = 962A094A240AFD0E006845EF /* SceneDelegate.swift */; };
		962A0950240AFD0E006845EF /* Main.storyboard in Resources */ = {isa = PBXBuildFile; fileRef = 962A094E240AFD0E006845EF /* Main.storyboard */; };
		962A0952240AFD11006845EF /* Assets.xcassets in Resources */ = {isa = PBXBuildFile; fileRef = 962A0951240AFD11006845EF /* Assets.xcassets */; };
		962A0955240AFD11006845EF /* LaunchScreen.storyboard in Resources */ = {isa = PBXBuildFile; fileRef = 962A0953240AFD11006845EF /* LaunchScreen.storyboard */; };
		EBF4070ABD072F2EA41FA2E7 /* Pods_MyTutorial.framework in Frameworks */ = {isa = PBXBuildFile; fileRef = 81F99777E1CDBD8884735C03 /* Pods_MyTutorial.framework */; };
/* End PBXBuildFile section */

/* Begin PBXFileReference section */
		65425F583654AF4EA9EFADE5 /* Pods-MyTutorial.release.xcconfig */ = {isa = PBXFileReference; includeInIndex = 1; lastKnownFileType = text.xcconfig; name = "Pods-MyTutorial.release.xcconfig"; path = "Target Support Files/Pods-MyTutorial/Pods-MyTutorial.release.xcconfig"; sourceTree = "<group>"; };
		81F99777E1CDBD8884735C03 /* Pods_MyTutorial.framework */ = {isa = PBXFileReference; explicitFileType = wrapper.framework; includeInIndex = 0; path = Pods_MyTutorial.framework; sourceTree = BUILT_PRODUCTS_DIR; };
		96093055240B05A200B0AB68 /* TutorialAppearance.swift */ = {isa = PBXFileReference; fileEncoding = 4; lastKnownFileType = sourcecode.swift; name = TutorialAppearance.swift; path = LibraryFiles/TutorialAppearance.swift; sourceTree = "<group>"; };
		96093056240B05A200B0AB68 /* TutorialViewController.swift */ = {isa = PBXFileReference; fileEncoding = 4; lastKnownFileType = sourcecode.swift; name = TutorialViewController.swift; path = LibraryFiles/TutorialViewController.swift; sourceTree = "<group>"; };
		96093057240B05A200B0AB68 /* TutorialModel.swift */ = {isa = PBXFileReference; fileEncoding = 4; lastKnownFileType = sourcecode.swift; name = TutorialModel.swift; path = LibraryFiles/TutorialModel.swift; sourceTree = "<group>"; };
		96093058240B05A200B0AB68 /* TutorialView.swift */ = {isa = PBXFileReference; fileEncoding = 4; lastKnownFileType = sourcecode.swift; name = TutorialView.swift; path = LibraryFiles/TutorialView.swift; sourceTree = "<group>"; };
		96093059240B05A200B0AB68 /* SampleViewController.swift */ = {isa = PBXFileReference; fileEncoding = 4; lastKnownFileType = sourcecode.swift; name = SampleViewController.swift; path = LibraryFiles/SampleViewController.swift; sourceTree = "<group>"; };
		962A0945240AFD0E006845EF /* MyTutorial.app */ = {isa = PBXFileReference; explicitFileType = wrapper.application; includeInIndex = 0; path = MyTutorial.app; sourceTree = BUILT_PRODUCTS_DIR; };
		962A0948240AFD0E006845EF /* AppDelegate.swift */ = {isa = PBXFileReference; lastKnownFileType = sourcecode.swift; path = AppDelegate.swift; sourceTree = "<group>"; };
		962A094A240AFD0E006845EF /* SceneDelegate.swift */ = {isa = PBXFileReference; lastKnownFileType = sourcecode.swift; path = SceneDelegate.swift; sourceTree = "<group>"; };
		962A094F240AFD0E006845EF /* Base */ = {isa = PBXFileReference; lastKnownFileType = file.storyboard; name = Base; path = Base.lproj/Main.storyboard; sourceTree = "<group>"; };
		962A0951240AFD11006845EF /* Assets.xcassets */ = {isa = PBXFileReference; lastKnownFileType = folder.assetcatalog; path = Assets.xcassets; sourceTree = "<group>"; };
		962A0954240AFD11006845EF /* Base */ = {isa = PBXFileReference; lastKnownFileType = file.storyboard; name = Base; path = Base.lproj/LaunchScreen.storyboard; sourceTree = "<group>"; };
		962A0956240AFD11006845EF /* Info.plist */ = {isa = PBXFileReference; lastKnownFileType = text.plist.xml; path = Info.plist; sourceTree = "<group>"; };
		FA0C1586570BFFA60E6929DF /* Pods-MyTutorial.debug.xcconfig */ = {isa = PBXFileReference; includeInIndex = 1; lastKnownFileType = text.xcconfig; name = "Pods-MyTutorial.debug.xcconfig"; path = "Target Support Files/Pods-MyTutorial/Pods-MyTutorial.debug.xcconfig"; sourceTree = "<group>"; };
/* End PBXFileReference section */

/* Begin PBXFrameworksBuildPhase section */
		962A0942240AFD0E006845EF /* Frameworks */ = {
			isa = PBXFrameworksBuildPhase;
			buildActionMask = 2147483647;
			files = (
				EBF4070ABD072F2EA41FA2E7 /* Pods_MyTutorial.framework in Frameworks */,
			);
			runOnlyForDeploymentPostprocessing = 0;
		};
/* End PBXFrameworksBuildPhase section */

/* Begin PBXGroup section */
		962A093C240AFD0E006845EF = {
			isa = PBXGroup;
			children = (
				962A0947240AFD0E006845EF /* MyTutorial */,
				962A0946240AFD0E006845EF /* Products */,
				F91A3C42916C76C245B4C91E /* Pods */,
				A777529C45E7ADE1F12EEF08 /* Frameworks */,
			);
			sourceTree = "<group>";
		};
		962A0946240AFD0E006845EF /* Products */ = {
			isa = PBXGroup;
			children = (
				962A0945240AFD0E006845EF /* MyTutorial.app */,
			);
			name = Products;
			sourceTree = "<group>";
		};
		962A0947240AFD0E006845EF /* MyTutorial */ = {
			isa = PBXGroup;
			children = (
				96093059240B05A200B0AB68 /* SampleViewController.swift */,
				96093055240B05A200B0AB68 /* TutorialAppearance.swift */,
				96093057240B05A200B0AB68 /* TutorialModel.swift */,
				96093058240B05A200B0AB68 /* TutorialView.swift */,
				96093056240B05A200B0AB68 /* TutorialViewController.swift */,
				962A0948240AFD0E006845EF /* AppDelegate.swift */,
				962A094A240AFD0E006845EF /* SceneDelegate.swift */,
				962A094E240AFD0E006845EF /* Main.storyboard */,
				962A0951240AFD11006845EF /* Assets.xcassets */,
				962A0953240AFD11006845EF /* LaunchScreen.storyboard */,
				962A0956240AFD11006845EF /* Info.plist */,
			);
			path = MyTutorial;
			sourceTree = "<group>";
		};
		A777529C45E7ADE1F12EEF08 /* Frameworks */ = {
			isa = PBXGroup;
			children = (
				81F99777E1CDBD8884735C03 /* Pods_MyTutorial.framework */,
			);
			name = Frameworks;
			sourceTree = "<group>";
		};
		F91A3C42916C76C245B4C91E /* Pods */ = {
			isa = PBXGroup;
			children = (
				FA0C1586570BFFA60E6929DF /* Pods-MyTutorial.debug.xcconfig */,
				65425F583654AF4EA9EFADE5 /* Pods-MyTutorial.release.xcconfig */,
			);
			path = Pods;
			sourceTree = "<group>";
		};
/* End PBXGroup section */

/* Begin PBXNativeTarget section */
		962A0944240AFD0E006845EF /* MyTutorial */ = {
			isa = PBXNativeTarget;
			buildConfigurationList = 962A0959240AFD11006845EF /* Build configuration list for PBXNativeTarget "MyTutorial" */;
			buildPhases = (
				A138ACF831861E34007FDB98 /* [CP] Check Pods Manifest.lock */,
				962A0941240AFD0E006845EF /* Sources */,
				962A0942240AFD0E006845EF /* Frameworks */,
				962A0943240AFD0E006845EF /* Resources */,
				EF6C2708C557660E3B99A11A /* [CP] Embed Pods Frameworks */,
			);
			buildRules = (
			);
			dependencies = (
			);
			name = MyTutorial;
			productName = MyTutorial;
			productReference = 962A0945240AFD0E006845EF /* MyTutorial.app */;
			productType = "com.apple.product-type.application";
		};
/* End PBXNativeTarget section */

/* Begin PBXProject section */
		962A093D240AFD0E006845EF /* Project object */ = {
			isa = PBXProject;
			attributes = {
				LastSwiftUpdateCheck = 1130;
				LastUpgradeCheck = 1130;
				ORGANIZATIONNAME = "Eli Simmonds";
				TargetAttributes = {
					962A0944240AFD0E006845EF = {
						CreatedOnToolsVersion = 11.3;
					};
				};
			};
			buildConfigurationList = 962A0940240AFD0E006845EF /* Build configuration list for PBXProject "MyTutorial" */;
			compatibilityVersion = "Xcode 9.3";
			developmentRegion = en;
			hasScannedForEncodings = 0;
			knownRegions = (
				en,
				Base,
			);
			mainGroup = 962A093C240AFD0E006845EF;
			productRefGroup = 962A0946240AFD0E006845EF /* Products */;
			projectDirPath = "";
			projectRoot = "";
			targets = (
				962A0944240AFD0E006845EF /* MyTutorial */,
			);
		};
/* End PBXProject section */

/* Begin PBXResourcesBuildPhase section */
		962A0943240AFD0E006845EF /* Resources */ = {
			isa = PBXResourcesBuildPhase;
			buildActionMask = 2147483647;
			files = (
				962A0955240AFD11006845EF /* LaunchScreen.storyboard in Resources */,
				962A0952240AFD11006845EF /* Assets.xcassets in Resources */,
				962A0950240AFD0E006845EF /* Main.storyboard in Resources */,
			);
			runOnlyForDeploymentPostprocessing = 0;
		};
/* End PBXResourcesBuildPhase section */

/* Begin PBXShellScriptBuildPhase section */
		A138ACF831861E34007FDB98 /* [CP] Check Pods Manifest.lock */ = {
			isa = PBXShellScriptBuildPhase;
			buildActionMask = 2147483647;
			files = (
			);
			inputFileListPaths = (
			);
			inputPaths = (
				"${PODS_PODFILE_DIR_PATH}/Podfile.lock",
				"${PODS_ROOT}/Manifest.lock",
			);
			name = "[CP] Check Pods Manifest.lock";
			outputFileListPaths = (
			);
			outputPaths = (
				"$(DERIVED_FILE_DIR)/Pods-MyTutorial-checkManifestLockResult.txt",
			);
			runOnlyForDeploymentPostprocessing = 0;
			shellPath = /bin/sh;
			shellScript = "diff \"${PODS_PODFILE_DIR_PATH}/Podfile.lock\" \"${PODS_ROOT}/Manifest.lock\" > /dev/null\nif [ $? != 0 ] ; then\n    # print error to STDERR\n    echo \"error: The sandbox is not in sync with the Podfile.lock. Run 'pod install' or update your CocoaPods installation.\" >&2\n    exit 1\nfi\n# This output is used by Xcode 'outputs' to avoid re-running this script phase.\necho \"SUCCESS\" > \"${SCRIPT_OUTPUT_FILE_0}\"\n";
			showEnvVarsInLog = 0;
		};
		EF6C2708C557660E3B99A11A /* [CP] Embed Pods Frameworks */ = {
			isa = PBXShellScriptBuildPhase;
			buildActionMask = 2147483647;
			files = (
			);
			inputFileListPaths = (
				"${PODS_ROOT}/Target Support Files/Pods-MyTutorial/Pods-MyTutorial-frameworks-${CONFIGURATION}-input-files.xcfilelist",
			);
			name = "[CP] Embed Pods Frameworks";
			outputFileListPaths = (
				"${PODS_ROOT}/Target Support Files/Pods-MyTutorial/Pods-MyTutorial-frameworks-${CONFIGURATION}-output-files.xcfilelist",
			);
			runOnlyForDeploymentPostprocessing = 0;
			shellPath = /bin/sh;
			shellScript = "\"${PODS_ROOT}/Target Support Files/Pods-MyTutorial/Pods-MyTutorial-frameworks.sh\"\n";
			showEnvVarsInLog = 0;
		};
/* End PBXShellScriptBuildPhase section */

/* Begin PBXSourcesBuildPhase section */
		962A0941240AFD0E006845EF /* Sources */ = {
			isa = PBXSourcesBuildPhase;
			buildActionMask = 2147483647;
			files = (
				962A0949240AFD0E006845EF /* AppDelegate.swift in Sources */,
				962A094B240AFD0E006845EF /* SceneDelegate.swift in Sources */,
				9609305D240B05A200B0AB68 /* TutorialView.swift in Sources */,
				9609305B240B05A200B0AB68 /* TutorialViewController.swift in Sources */,
				9609305C240B05A200B0AB68 /* TutorialModel.swift in Sources */,
				9609305A240B05A200B0AB68 /* TutorialAppearance.swift in Sources */,
				9609305E240B05A200B0AB68 /* SampleViewController.swift in Sources */,
			);
			runOnlyForDeploymentPostprocessing = 0;
		};
/* End PBXSourcesBuildPhase section */

/* Begin PBXVariantGroup section */
		962A094E240AFD0E006845EF /* Main.storyboard */ = {
			isa = PBXVariantGroup;
			children = (
				962A094F240AFD0E006845EF /* Base */,
			);
			name = Main.storyboard;
			sourceTree = "<group>";
		};
		962A0953240AFD11006845EF /* LaunchScreen.storyboard */ = {
			isa = PBXVariantGroup;
			children = (
				962A0954240AFD11006845EF /* Base */,
			);
			name = LaunchScreen.storyboard;
			sourceTree = "<group>";
		};
/* End PBXVariantGroup section */

/* Begin XCBuildConfiguration section */
		962A0957240AFD11006845EF /* Debug */ = {
			isa = XCBuildConfiguration;
			buildSettings = {
				ALWAYS_SEARCH_USER_PATHS = NO;
				CLANG_ANALYZER_NONNULL = YES;
				CLANG_ANALYZER_NUMBER_OBJECT_CONVERSION = YES_AGGRESSIVE;
				CLANG_CXX_LANGUAGE_STANDARD = "gnu++14";
				CLANG_CXX_LIBRARY = "libc++";
				CLANG_ENABLE_MODULES = YES;
				CLANG_ENABLE_OBJC_ARC = YES;
				CLANG_ENABLE_OBJC_WEAK = YES;
				CLANG_WARN_BLOCK_CAPTURE_AUTORELEASING = YES;
				CLANG_WARN_BOOL_CONVERSION = YES;
				CLANG_WARN_COMMA = YES;
				CLANG_WARN_CONSTANT_CONVERSION = YES;
				CLANG_WARN_DEPRECATED_OBJC_IMPLEMENTATIONS = YES;
				CLANG_WARN_DIRECT_OBJC_ISA_USAGE = YES_ERROR;
				CLANG_WARN_DOCUMENTATION_COMMENTS = YES;
				CLANG_WARN_EMPTY_BODY = YES;
				CLANG_WARN_ENUM_CONVERSION = YES;
				CLANG_WARN_INFINITE_RECURSION = YES;
				CLANG_WARN_INT_CONVERSION = YES;
				CLANG_WARN_NON_LITERAL_NULL_CONVERSION = YES;
				CLANG_WARN_OBJC_IMPLICIT_RETAIN_SELF = YES;
				CLANG_WARN_OBJC_LITERAL_CONVERSION = YES;
				CLANG_WARN_OBJC_ROOT_CLASS = YES_ERROR;
				CLANG_WARN_RANGE_LOOP_ANALYSIS = YES;
				CLANG_WARN_STRICT_PROTOTYPES = YES;
				CLANG_WARN_SUSPICIOUS_MOVE = YES;
				CLANG_WARN_UNGUARDED_AVAILABILITY = YES_AGGRESSIVE;
				CLANG_WARN_UNREACHABLE_CODE = YES;
				CLANG_WARN__DUPLICATE_METHOD_MATCH = YES;
				COPY_PHASE_STRIP = NO;
				DEBUG_INFORMATION_FORMAT = dwarf;
				ENABLE_STRICT_OBJC_MSGSEND = YES;
				ENABLE_TESTABILITY = YES;
				GCC_C_LANGUAGE_STANDARD = gnu11;
				GCC_DYNAMIC_NO_PIC = NO;
				GCC_NO_COMMON_BLOCKS = YES;
				GCC_OPTIMIZATION_LEVEL = 0;
				GCC_PREPROCESSOR_DEFINITIONS = (
					"DEBUG=1",
					"$(inherited)",
				);
				GCC_WARN_64_TO_32_BIT_CONVERSION = YES;
				GCC_WARN_ABOUT_RETURN_TYPE = YES_ERROR;
				GCC_WARN_UNDECLARED_SELECTOR = YES;
				GCC_WARN_UNINITIALIZED_AUTOS = YES_AGGRESSIVE;
				GCC_WARN_UNUSED_FUNCTION = YES;
				GCC_WARN_UNUSED_VARIABLE = YES;
				IPHONEOS_DEPLOYMENT_TARGET = 13.2;
				MTL_ENABLE_DEBUG_INFO = INCLUDE_SOURCE;
				MTL_FAST_MATH = YES;
				ONLY_ACTIVE_ARCH = YES;
				SDKROOT = iphoneos;
				SWIFT_ACTIVE_COMPILATION_CONDITIONS = DEBUG;
				SWIFT_OPTIMIZATION_LEVEL = "-Onone";
			};
			name = Debug;
		};
		962A0958240AFD11006845EF /* Release */ = {
			isa = XCBuildConfiguration;
			buildSettings = {
				ALWAYS_SEARCH_USER_PATHS = NO;
				CLANG_ANALYZER_NONNULL = YES;
				CLANG_ANALYZER_NUMBER_OBJECT_CONVERSION = YES_AGGRESSIVE;
				CLANG_CXX_LANGUAGE_STANDARD = "gnu++14";
				CLANG_CXX_LIBRARY = "libc++";
				CLANG_ENABLE_MODULES = YES;
				CLANG_ENABLE_OBJC_ARC = YES;
				CLANG_ENABLE_OBJC_WEAK = YES;
				CLANG_WARN_BLOCK_CAPTURE_AUTORELEASING = YES;
				CLANG_WARN_BOOL_CONVERSION = YES;
				CLANG_WARN_COMMA = YES;
				CLANG_WARN_CONSTANT_CONVERSION = YES;
				CLANG_WARN_DEPRECATED_OBJC_IMPLEMENTATIONS = YES;
				CLANG_WARN_DIRECT_OBJC_ISA_USAGE = YES_ERROR;
				CLANG_WARN_DOCUMENTATION_COMMENTS = YES;
				CLANG_WARN_EMPTY_BODY = YES;
				CLANG_WARN_ENUM_CONVERSION = YES;
				CLANG_WARN_INFINITE_RECURSION = YES;
				CLANG_WARN_INT_CONVERSION = YES;
				CLANG_WARN_NON_LITERAL_NULL_CONVERSION = YES;
				CLANG_WARN_OBJC_IMPLICIT_RETAIN_SELF = YES;
				CLANG_WARN_OBJC_LITERAL_CONVERSION = YES;
				CLANG_WARN_OBJC_ROOT_CLASS = YES_ERROR;
				CLANG_WARN_RANGE_LOOP_ANALYSIS = YES;
				CLANG_WARN_STRICT_PROTOTYPES = YES;
				CLANG_WARN_SUSPICIOUS_MOVE = YES;
				CLANG_WARN_UNGUARDED_AVAILABILITY = YES_AGGRESSIVE;
				CLANG_WARN_UNREACHABLE_CODE = YES;
				CLANG_WARN__DUPLICATE_METHOD_MATCH = YES;
				COPY_PHASE_STRIP = NO;
				DEBUG_INFORMATION_FORMAT = "dwarf-with-dsym";
				ENABLE_NS_ASSERTIONS = NO;
				ENABLE_STRICT_OBJC_MSGSEND = YES;
				GCC_C_LANGUAGE_STANDARD = gnu11;
				GCC_NO_COMMON_BLOCKS = YES;
				GCC_WARN_64_TO_32_BIT_CONVERSION = YES;
				GCC_WARN_ABOUT_RETURN_TYPE = YES_ERROR;
				GCC_WARN_UNDECLARED_SELECTOR = YES;
				GCC_WARN_UNINITIALIZED_AUTOS = YES_AGGRESSIVE;
				GCC_WARN_UNUSED_FUNCTION = YES;
				GCC_WARN_UNUSED_VARIABLE = YES;
				IPHONEOS_DEPLOYMENT_TARGET = 13.2;
				MTL_ENABLE_DEBUG_INFO = NO;
				MTL_FAST_MATH = YES;
				SDKROOT = iphoneos;
				SWIFT_COMPILATION_MODE = wholemodule;
				SWIFT_OPTIMIZATION_LEVEL = "-O";
				VALIDATE_PRODUCT = YES;
			};
			name = Release;
		};
		962A095A240AFD11006845EF /* Debug */ = {
			isa = XCBuildConfiguration;
			baseConfigurationReference = FA0C1586570BFFA60E6929DF /* Pods-MyTutorial.debug.xcconfig */;
			buildSettings = {
				ASSETCATALOG_COMPILER_APPICON_NAME = AppIcon;
				CODE_SIGN_STYLE = Automatic;
				DEVELOPMENT_TEAM = 6Z4G95PNNA;
				INFOPLIST_FILE = MyTutorial/Info.plist;
				LD_RUNPATH_SEARCH_PATHS = (
					"$(inherited)",
					"@executable_path/Frameworks",
				);
				PRODUCT_BUNDLE_IDENTIFIER = eli.simmonds.MyTutorial;
				PRODUCT_NAME = "$(TARGET_NAME)";
				SWIFT_VERSION = 5.0;
				TARGETED_DEVICE_FAMILY = "1,2";
			};
			name = Debug;
		};
		962A095B240AFD11006845EF /* Release */ = {
			isa = XCBuildConfiguration;
			baseConfigurationReference = 65425F583654AF4EA9EFADE5 /* Pods-MyTutorial.release.xcconfig */;
			buildSettings = {
				ASSETCATALOG_COMPILER_APPICON_NAME = AppIcon;
				CODE_SIGN_STYLE = Automatic;
				DEVELOPMENT_TEAM = 6Z4G95PNNA;
				INFOPLIST_FILE = MyTutorial/Info.plist;
				LD_RUNPATH_SEARCH_PATHS = (
					"$(inherited)",
					"@executable_path/Frameworks",
				);
				PRODUCT_BUNDLE_IDENTIFIER = eli.simmonds.MyTutorial;
				PRODUCT_NAME = "$(TARGET_NAME)";
				SWIFT_VERSION = 5.0;
				TARGETED_DEVICE_FAMILY = "1,2";
			};
			name = Release;
		};
/* End XCBuildConfiguration section */

/* Begin XCConfigurationList section */
		962A0940240AFD0E006845EF /* Build configuration list for PBXProject "MyTutorial" */ = {
			isa = XCConfigurationList;
			buildConfigurations = (
				962A0957240AFD11006845EF /* Debug */,
				962A0958240AFD11006845EF /* Release */,
			);
			defaultConfigurationIsVisible = 0;
			defaultConfigurationName = Release;
		};
		962A0959240AFD11006845EF /* Build configuration list for PBXNativeTarget "MyTutorial" */ = {
			isa = XCConfigurationList;
			buildConfigurations = (
				962A095A240AFD11006845EF /* Debug */,
				962A095B240AFD11006845EF /* Release */,
			);
			defaultConfigurationIsVisible = 0;
			defaultConfigurationName = Release;
		};
/* End XCConfigurationList section */
	};
	rootObject = 962A093D240AFD0E006845EF /* Project object */;
}
